
Microsoft Visual Studio Solution File, Format Version 12.00
# Visual Studio Version 16
VisualStudioVersion = 16.0.29709.97
MinimumVisualStudioVersion = 10.0.40219.1
Project("{FAE04EC0-301F-11D3-BF4B-00C04F79EFBC}") = "Wpf FIrst App", "Wpf FIrst App\Wpf FIrst App.csproj", "{C100AE0E-5373-4CAA-A9A2-6D6BACF309F4}"
EndProject
Global
	GlobalSection(SolutionConfigurationPlatforms) = preSolution
		Debug|Any CPU = Debug|Any CPU
		Release|Any CPU = Release|Any CPU
	EndGlobalSection
	GlobalSection(ProjectConfigurationPlatforms) = postSolution
		{C100AE0E-5373-4CAA-A9A2-6D6BACF309F4}.Debug|Any CPU.ActiveCfg = Debug|Any CPU
		{C100AE0E-5373-4CAA-A9A2-6D6BACF309F4}.Debug|Any CPU.Build.0 = Debug|Any CPU
		{C100AE0E-5373-4CAA-A9A2-6D6BACF309F4}.Release|Any CPU.ActiveCfg = Release|Any CPU
		{C100AE0E-5373-4CAA-A9A2-6D6BACF309F4}.Release|Any CPU.Build.0 = Release|Any CPU
	EndGlobalSection
	GlobalSection(SolutionProperties) = preSolution
		HideSolutionNode = FALSE
	EndGlobalSection
	GlobalSection(ExtensibilityGlobals) = postSolution
		SolutionGuid = {97526731-8F0D-4C18-AE2F-972A609E8E08}
	EndGlobalSection
EndGlobal
